
Microsoft Visual Studio Solution File, Format Version 12.00
# Visual Studio 2012
Project("{FAE04EC0-301F-11D3-BF4B-00C04F79EFBC}") = "UpLoadDataService", "UpLoadDataService\UpLoadDataService.csproj", "{6476B194-E816-4271-AF7D-56AA052AB1FA}"
EndProject
Project("{FAE04EC0-301F-11D3-BF4B-00C04F79EFBC}") = "DownLoadUpLoadDataService", "DownLoadUpLoadDataService\DownLoadUpLoadDataService.csproj", "{785B9AF7-F5B3-4335-BFAC-857B9420E158}"
EndProject
Global
	GlobalSection(SolutionConfigurationPlatforms) = preSolution
		Debug|Any CPU = Debug|Any CPU
		Release|Any CPU = Release|Any CPU
	EndGlobalSection
	GlobalSection(ProjectConfigurationPlatforms) = postSolution
		{6476B194-E816-4271-AF7D-56AA052AB1FA}.Debug|Any CPU.ActiveCfg = Debug|Any CPU
		{6476B194-E816-4271-AF7D-56AA052AB1FA}.Debug|Any CPU.Build.0 = Debug|Any CPU
		{6476B194-E816-4271-AF7D-56AA052AB1FA}.Release|Any CPU.ActiveCfg = Release|Any CPU
		{6476B194-E816-4271-AF7D-56AA052AB1FA}.Release|Any CPU.Build.0 = Release|Any CPU
		{785B9AF7-F5B3-4335-BFAC-857B9420E158}.Debug|Any CPU.ActiveCfg = Debug|Any CPU
		{785B9AF7-F5B3-4335-BFAC-857B9420E158}.Debug|Any CPU.Build.0 = Debug|Any CPU
		{785B9AF7-F5B3-4335-BFAC-857B9420E158}.Release|Any CPU.ActiveCfg = Release|Any CPU
		{785B9AF7-F5B3-4335-BFAC-857B9420E158}.Release|Any CPU.Build.0 = Release|Any CPU
	EndGlobalSection
	GlobalSection(SolutionProperties) = preSolution
		HideSolutionNode = FALSE
	EndGlobalSection
EndGlobal
